
Microsoft Visual Studio Solution File, Format Version 12.00
# Visual Studio Version 17
VisualStudioVersion = 17.4.33122.133
MinimumVisualStudioVersion = 10.0.40219.1
Project("{FAE04EC0-301F-11D3-BF4B-00C04F79EFBC}") = "GitDemoApp2", "GitDemoApp2\GitDemoApp2.csproj", "{C3A01CCC-8B93-449A-88CA-D3169F0086F0}"
EndProject
Global
	GlobalSection(SolutionConfigurationPlatforms) = preSolution
		Debug|Any CPU = Debug|Any CPU
		Release|Any CPU = Release|Any CPU
	EndGlobalSection
	GlobalSection(ProjectConfigurationPlatforms) = postSolution
		{C3A01CCC-8B93-449A-88CA-D3169F0086F0}.Debug|Any CPU.ActiveCfg = Debug|Any CPU
		{C3A01CCC-8B93-449A-88CA-D3169F0086F0}.Debug|Any CPU.Build.0 = Debug|Any CPU
		{C3A01CCC-8B93-449A-88CA-D3169F0086F0}.Release|Any CPU.ActiveCfg = Release|Any CPU
		{C3A01CCC-8B93-449A-88CA-D3169F0086F0}.Release|Any CPU.Build.0 = Release|Any CPU
	EndGlobalSection
	GlobalSection(SolutionProperties) = preSolution
		HideSolutionNode = FALSE
	EndGlobalSection
	GlobalSection(ExtensibilityGlobals) = postSolution
		SolutionGuid = {1636C15F-3356-489D-8D9F-8CEDA5989CD8}
	EndGlobalSection
EndGlobal
